
Microsoft Visual Studio Solution File, Format Version 11.00
# Visual Studio 2010
Project("{8BC9CEB8-8B4A-11D0-8D11-00A0C91BC942}") = "STL_源码解析", "STL_源码解析.vcxproj", "{490238C5-DF7A-47D0-8167-63BC03039E52}"
EndProject
Global
	GlobalSection(SolutionConfigurationPlatforms) = preSolution
		Debug|Win32 = Debug|Win32
		Release|Win32 = Release|Win32
	EndGlobalSection
	GlobalSection(ProjectConfigurationPlatforms) = postSolution
		{490238C5-DF7A-47D0-8167-63BC03039E52}.Debug|Win32.ActiveCfg = Debug|Win32
		{490238C5-DF7A-47D0-8167-63BC03039E52}.Debug|Win32.Build.0 = Debug|Win32
		{490238C5-DF7A-47D0-8167-63BC03039E52}.Release|Win32.ActiveCfg = Release|Win32
		{490238C5-DF7A-47D0-8167-63BC03039E52}.Release|Win32.Build.0 = Release|Win32
	EndGlobalSection
	GlobalSection(SolutionProperties) = preSolution
		HideSolutionNode = FALSE
	EndGlobalSection
EndGlobal
